
Microsoft Visual Studio Solution File, Format Version 12.00
# Visual Studio Version 17
VisualStudioVersion = 17.7.34202.233
MinimumVisualStudioVersion = 10.0.40219.1
Project("{FAE04EC0-301F-11D3-BF4B-00C04F79EFBC}") = "WebApplication4", "WebApplication4\WebApplication4.csproj", "{E9B9DE4C-379E-4689-94F7-41CA7AFA6182}"
EndProject
Global
	GlobalSection(SolutionConfigurationPlatforms) = preSolution
		Debug|Any CPU = Debug|Any CPU
		Release|Any CPU = Release|Any CPU
	EndGlobalSection
	GlobalSection(ProjectConfigurationPlatforms) = postSolution
		{E9B9DE4C-379E-4689-94F7-41CA7AFA6182}.Debug|Any CPU.ActiveCfg = Debug|Any CPU
		{E9B9DE4C-379E-4689-94F7-41CA7AFA6182}.Debug|Any CPU.Build.0 = Debug|Any CPU
		{E9B9DE4C-379E-4689-94F7-41CA7AFA6182}.Release|Any CPU.ActiveCfg = Release|Any CPU
		{E9B9DE4C-379E-4689-94F7-41CA7AFA6182}.Release|Any CPU.Build.0 = Release|Any CPU
	EndGlobalSection
	GlobalSection(SolutionProperties) = preSolution
		HideSolutionNode = FALSE
	EndGlobalSection
	GlobalSection(ExtensibilityGlobals) = postSolution
		SolutionGuid = {E3BD22E6-73E2-4D47-BD2B-BAEFC6346588}
	EndGlobalSection
EndGlobal
